
Microsoft Visual Studio Solution File, Format Version 12.00
# Visual Studio Version 16
VisualStudioVersion = 16.0.30330.147
MinimumVisualStudioVersion = 10.0.40219.1
Project("{2150E333-8FDC-42A3-9474-1A3956D46DE8}") = "examples", "examples", "{CA00A315-18C7-4511-BF17-DC16D3E358E2}"
EndProject
Project("{2150E333-8FDC-42A3-9474-1A3956D46DE8}") = "src", "src", "{C2C08A2F-7DE2-4F06-9D08-B3FCA610CB72}"
EndProject
Project("{9A19103F-16F7-4668-BE54-9A1E7A4F7556}") = "Aix.RedisStreamMessageBus", "src\Aix.RedisStreamMessageBus\Aix.RedisStreamMessageBus.csproj", "{8ACDC9FB-BE9F-4C7D-998C-C9B16D796ED4}"
EndProject
Project("{9A19103F-16F7-4668-BE54-9A1E7A4F7556}") = "Aix.RedisStreamMessageBus.Sample", "examples\Aix.RedisStreamMessageBus.Sample\Aix.RedisStreamMessageBus.Sample.csproj", "{FD44A99F-7207-461C-9E1C-C1E91A83677F}"
EndProject
Global
	GlobalSection(SolutionConfigurationPlatforms) = preSolution
		Debug|Any CPU = Debug|Any CPU
		Release|Any CPU = Release|Any CPU
	EndGlobalSection
	GlobalSection(ProjectConfigurationPlatforms) = postSolution
		{8ACDC9FB-BE9F-4C7D-998C-C9B16D796ED4}.Debug|Any CPU.ActiveCfg = Debug|Any CPU
		{8ACDC9FB-BE9F-4C7D-998C-C9B16D796ED4}.Debug|Any CPU.Build.0 = Debug|Any CPU
		{8ACDC9FB-BE9F-4C7D-998C-C9B16D796ED4}.Release|Any CPU.ActiveCfg = Release|Any CPU
		{8ACDC9FB-BE9F-4C7D-998C-C9B16D796ED4}.Release|Any CPU.Build.0 = Release|Any CPU
		{FD44A99F-7207-461C-9E1C-C1E91A83677F}.Debug|Any CPU.ActiveCfg = Debug|Any CPU
		{FD44A99F-7207-461C-9E1C-C1E91A83677F}.Debug|Any CPU.Build.0 = Debug|Any CPU
		{FD44A99F-7207-461C-9E1C-C1E91A83677F}.Release|Any CPU.ActiveCfg = Release|Any CPU
		{FD44A99F-7207-461C-9E1C-C1E91A83677F}.Release|Any CPU.Build.0 = Release|Any CPU
	EndGlobalSection
	GlobalSection(SolutionProperties) = preSolution
		HideSolutionNode = FALSE
	EndGlobalSection
	GlobalSection(NestedProjects) = preSolution
		{8ACDC9FB-BE9F-4C7D-998C-C9B16D796ED4} = {C2C08A2F-7DE2-4F06-9D08-B3FCA610CB72}
		{FD44A99F-7207-461C-9E1C-C1E91A83677F} = {CA00A315-18C7-4511-BF17-DC16D3E358E2}
	EndGlobalSection
	GlobalSection(ExtensibilityGlobals) = postSolution
		SolutionGuid = {F28E4533-8DED-4753-99DA-5AACBE1CCB1F}
	EndGlobalSection
EndGlobal
